Microsoft Visual Studio Solution File, Format Version 9.00
# Visual Studio 2005
Project("{8BC9CEB8-8B4A-11D0-8D11-00A0C91BC942}") = "SafeArray", "SafeArray.vcproj", "{08BD121A-4A4B-43A2-AFAA-AC9F3B6CF1F3}"
EndProject
Global
	GlobalSection(SolutionConfigurationPlatforms) = preSolution
		Debug|Win32 = Debug|Win32
		Release|Win32 = Release|Win32
	EndGlobalSection
	GlobalSection(ProjectConfigurationPlatforms) = postSolution
		{08BD121A-4A4B-43A2-AFAA-AC9F3B6CF1F3}.Debug|Win32.ActiveCfg = Debug|Win32
		{08BD121A-4A4B-43A2-AFAA-AC9F3B6CF1F3}.Debug|Win32.Build.0 = Debug|Win32
		{08BD121A-4A4B-43A2-AFAA-AC9F3B6CF1F3}.Release|Win32.ActiveCfg = Release|Win32
		{08BD121A-4A4B-43A2-AFAA-AC9F3B6CF1F3}.Release|Win32.Build.0 = Release|Win32
	EndGlobalSection
	GlobalSection(SolutionProperties) = preSolution
		HideSolutionNode = FALSE
	EndGlobalSection
EndGlobal
