Microsoft Visual Studio Solution File, Format Version 7.00
Project("{8BC9CEB8-8B4A-11D0-8D11-00A0C91BC942}") = "comet", "comet.vcproj", "{5AF4E036-8A66-498F-91C4-22B2C520B78D}"
EndProject
Global
	GlobalSection(SolutionConfiguration) = preSolution
		ConfigName.0 = Debug
		ConfigName.1 = Release
	EndGlobalSection
	GlobalSection(ProjectDependencies) = postSolution
	EndGlobalSection
	GlobalSection(ProjectConfiguration) = postSolution
		{5AF4E036-8A66-498F-91C4-22B2C520B78D}.Debug.ActiveCfg = Debug|Win32
		{5AF4E036-8A66-498F-91C4-22B2C520B78D}.Debug.Build.0 = Debug|Win32
		{5AF4E036-8A66-498F-91C4-22B2C520B78D}.Release.ActiveCfg = Release|Win32
		{5AF4E036-8A66-498F-91C4-22B2C520B78D}.Release.Build.0 = Release|Win32
	EndGlobalSection
	GlobalSection(ExtensibilityGlobals) = postSolution
	EndGlobalSection
	GlobalSection(ExtensibilityAddIns) = postSolution
	EndGlobalSection
EndGlobal
