Microsoft Visual Studio Solution File, Format Version 9.00
# Visual Studio 2005
Project("{8BC9CEB8-8B4A-11D0-8D11-00A0C91BC942}") = "ParentChild2", "ParentChild2.vcproj", "{D04B3F65-52EC-41A4-8551-ABEA62E31E8B}"
EndProject
Global
	GlobalSection(SolutionConfigurationPlatforms) = preSolution
		Debug|Win32 = Debug|Win32
		Release|Win32 = Release|Win32
	EndGlobalSection
	GlobalSection(ProjectConfigurationPlatforms) = postSolution
		{D04B3F65-52EC-41A4-8551-ABEA62E31E8B}.Debug|Win32.ActiveCfg = Debug|Win32
		{D04B3F65-52EC-41A4-8551-ABEA62E31E8B}.Debug|Win32.Build.0 = Debug|Win32
		{D04B3F65-52EC-41A4-8551-ABEA62E31E8B}.Release|Win32.ActiveCfg = Release|Win32
		{D04B3F65-52EC-41A4-8551-ABEA62E31E8B}.Release|Win32.Build.0 = Release|Win32
	EndGlobalSection
	GlobalSection(SolutionProperties) = preSolution
		HideSolutionNode = FALSE
	EndGlobalSection
EndGlobal
